// !$*UTF8*$!
{
	archiveVersion = 1;
	classes = {
	};
	objectVersion = 46;
	objects = {

/* Begin PBXBuildFile section */
		6827EAA098268EF7A03D2DE4 /* Pods_LanguageOM_StudentUITests.framework in Frameworks */ = {isa = PBXBuildFile; fileRef = 3D07EF7DCA4ED95074154420 /* Pods_LanguageOM_StudentUITests.framework */; };
		6DDAB1DA1A61A9A885FF0156 /* Pods_LanguageOM_StudentTests.framework in Frameworks */ = {isa = PBXBuildFile; fileRef = D8086AB0B792F38088B162B1 /* Pods_LanguageOM_StudentTests.framework */; };
		A90320BA1D16F28300E65D0B /* AppDelegate.swift in Sources */ = {isa = PBXBuildFile; fileRef = A90320B91D16F28300E65D0B /* AppDelegate.swift */; };
		A90320BC1D16F28300E65D0B /* ViewController.swift in Sources */ = {isa = PBXBuildFile; fileRef = A90320BB1D16F28300E65D0B /* ViewController.swift */; };
		A90320BF1D16F28300E65D0B /* Main.storyboard in Resources */ = {isa = PBXBuildFile; fileRef = A90320BD1D16F28300E65D0B /* Main.storyboard */; };
		A90320C11D16F28300E65D0B /* Assets.xcassets in Resources */ = {isa = PBXBuildFile; fileRef = A90320C01D16F28300E65D0B /* Assets.xcassets */; };
		A90320C41D16F28300E65D0B /* LaunchScreen.storyboard in Resources */ = {isa = PBXBuildFile; fileRef = A90320C21D16F28300E65D0B /* LaunchScreen.storyboard */; };
		A90320CF1D16F28300E65D0B /* LanguageOM_StudentTests.swift in Sources */ = {isa = PBXBuildFile; fileRef = A90320CE1D16F28300E65D0B /* LanguageOM_StudentTests.swift */; };
		A90320DA1D16F28300E65D0B /* LanguageOM_StudentUITests.swift in Sources */ = {isa = PBXBuildFile; fileRef = A90320D91D16F28300E65D0B /* LanguageOM_StudentUITests.swift */; };
		A90320E81D16F2C600E65D0B /* GoogleService-Info.plist in Resources */ = {isa = PBXBuildFile; fileRef = A90320E71D16F2C600E65D0B /* GoogleService-Info.plist */; };
		A90320F01D16F48800E65D0B /* LoginViewController.swift in Sources */ = {isa = PBXBuildFile; fileRef = A90320EB1D16F48800E65D0B /* LoginViewController.swift */; };
		A90320F11D16F48800E65D0B /* RegisterViewController.swift in Sources */ = {isa = PBXBuildFile; fileRef = A90320EC1D16F48800E65D0B /* RegisterViewController.swift */; };
		A90320F21D16F48800E65D0B /* RequestsViewController.swift in Sources */ = {isa = PBXBuildFile; fileRef = A90320ED1D16F48800E65D0B /* RequestsViewController.swift */; };
		DCB3CE8CB17BDFB1E07687BA /* Pods_LanguageOM_Student.framework in Frameworks */ = {isa = PBXBuildFile; fileRef = 961087FCD57B40CAF4623A30 /* Pods_LanguageOM_Student.framework */; };
/* End PBXBuildFile section */

/* Begin PBXContainerItemProxy section */
		A90320CB1D16F28300E65D0B /* PBXContainerItemProxy */ = {
			isa = PBXContainerItemProxy;
			containerPortal = A90320AE1D16F28300E65D0B /* Project object */;
			proxyType = 1;
			remoteGlobalIDString = A90320B51D16F28300E65D0B;
			remoteInfo = "LanguageOM Student";
		};
		A90320D61D16F28300E65D0B /* PBXContainerItemProxy */ = {
			isa = PBXContainerItemProxy;
			containerPortal = A90320AE1D16F28300E65D0B /* Project object */;
			proxyType = 1;
			remoteGlobalIDString = A90320B51D16F28300E65D0B;
			remoteInfo = "LanguageOM Student";
		};
/* End PBXContainerItemProxy section */

/* Begin PBXFileReference section */
		053F55C882F4A96C36CDE048 /* Pods-LanguageOM Student.debug.xcconfig */ = {isa = PBXFileReference; includeInIndex = 1; lastKnownFileType = text.xcconfig; name = "Pods-LanguageOM Student.debug.xcconfig"; path = "Pods/Target Support Files/Pods-LanguageOM Student/Pods-LanguageOM Student.debug.xcconfig"; sourceTree = "<group>"; };
		077BA9BBCD279B7A2ABE434B /* Pods-LanguageOM StudentTests.release.xcconfig */ = {isa = PBXFileReference; includeInIndex = 1; lastKnownFileType = text.xcconfig; name = "Pods-LanguageOM StudentTests.release.xcconfig"; path = "Pods/Target Support Files/Pods-LanguageOM StudentTests/Pods-LanguageOM StudentTests.release.xcconfig"; sourceTree = "<group>"; };
		1E63A1A158A275B59E6C3B15 /* Pods-LanguageOM Student.release.xcconfig */ = {isa = PBXFileReference; includeInIndex = 1; lastKnownFileType = text.xcconfig; name = "Pods-LanguageOM Student.release.xcconfig"; path = "Pods/Target Support Files/Pods-LanguageOM Student/Pods-LanguageOM Student.release.xcconfig"; sourceTree = "<group>"; };
		1ED4EEA28538B3777761DD85 /* Pods-LanguageOM StudentTests.debug.xcconfig */ = {isa = PBXFileReference; includeInIndex = 1; lastKnownFileType = text.xcconfig; name = "Pods-LanguageOM StudentTests.debug.xcconfig"; path = "Pods/Target Support Files/Pods-LanguageOM StudentTests/Pods-LanguageOM StudentTests.debug.xcconfig"; sourceTree = "<group>"; };
		2B6BA639617A85A6040321D6 /* Pods-LanguageOM StudentUITests.debug.xcconfig */ = {isa = PBXFileReference; includeInIndex = 1; lastKnownFileType = text.xcconfig; name = "Pods-LanguageOM StudentUITests.debug.xcconfig"; path = "Pods/Target Support Files/Pods-LanguageOM StudentUITests/Pods-LanguageOM StudentUITests.debug.xcconfig"; sourceTree = "<group>"; };
		3865F244302F0807EAB26D5D /* Pods-LanguageOM StudentUITests.release.xcconfig */ = {isa = PBXFileReference; includeInIndex = 1; lastKnownFileType = text.xcconfig; name = "Pods-LanguageOM StudentUITests.release.xcconfig"; path = "Pods/Target Support Files/Pods-LanguageOM StudentUITests/Pods-LanguageOM StudentUITests.release.xcconfig"; sourceTree = "<group>"; };
		3D07EF7DCA4ED95074154420 /* Pods_LanguageOM_StudentUITests.framework */ = {isa = PBXFileReference; explicitFileType = wrapper.framework; includeInIndex = 0; path = Pods_LanguageOM_StudentUITests.framework; sourceTree = BUILT_PRODUCTS_DIR; };
		961087FCD57B40CAF4623A30 /* Pods_LanguageOM_Student.framework */ = {isa = PBXFileReference; explicitFileType = wrapper.framework; includeInIndex = 0; path = Pods_LanguageOM_Student.framework; sourceTree = BUILT_PRODUCTS_DIR; };
		A90320B61D16F28300E65D0B /* LanguageOM Student.app */ = {isa = PBXFileReference; explicitFileType = wrapper.application; includeInIndex = 0; path = "LanguageOM Student.app"; sourceTree = BUILT_PRODUCTS_DIR; };
		A90320B91D16F28300E65D0B /* AppDelegate.swift */ = {isa = PBXFileReference; lastKnownFileType = sourcecode.swift; path = AppDelegate.swift; sourceTree = "<group>"; };
		A90320BB1D16F28300E65D0B /* ViewController.swift */ = {isa = PBXFileReference; lastKnownFileType = sourcecode.swift; path = ViewController.swift; sourceTree = "<group>"; };
		A90320BE1D16F28300E65D0B /* Base */ = {isa = PBXFileReference; lastKnownFileType = file.storyboard; name = Base; path = Base.lproj/Main.storyboard; sourceTree = "<group>"; };
		A90320C01D16F28300E65D0B /* Assets.xcassets */ = {isa = PBXFileReference; lastKnownFileType = folder.assetcatalog; path = Assets.xcassets; sourceTree = "<group>"; };
		A90320C31D16F28300E65D0B /* Base */ = {isa = PBXFileReference; lastKnownFileType = file.storyboard; name = Base; path = Base.lproj/LaunchScreen.storyboard; sourceTree = "<group>"; };
		A90320C51D16F28300E65D0B /* Info.plist */ = {isa = PBXFileReference; lastKnownFileType = text.plist.xml; path = Info.plist; sourceTree = "<group>"; };
		A90320CA1D16F28300E65D0B /* LanguageOM StudentTests.xctest */ = {isa = PBXFileReference; explicitFileType = wrapper.cfbundle; includeInIndex = 0; path = "LanguageOM StudentTests.xctest"; sourceTree = BUILT_PRODUCTS_DIR; };
		A90320CE1D16F28300E65D0B /* LanguageOM_StudentTests.swift */ = {isa = PBXFileReference; lastKnownFileType = sourcecode.swift; path = LanguageOM_StudentTests.swift; sourceTree = "<group>"; };
		A90320D01D16F28300E65D0B /* Info.plist */ = {isa = PBXFileReference; lastKnownFileType = text.plist.xml; path = Info.plist; sourceTree = "<group>"; };
		A90320D51D16F28300E65D0B /* LanguageOM StudentUITests.xctest */ = {isa = PBXFileReference; explicitFileType = wrapper.cfbundle; includeInIndex = 0; path = "LanguageOM StudentUITests.xctest"; sourceTree = BUILT_PRODUCTS_DIR; };
		A90320D91D16F28300E65D0B /* LanguageOM_StudentUITests.swift */ = {isa = PBXFileReference; lastKnownFileType = sourcecode.swift; path = LanguageOM_StudentUITests.swift; sourceTree = "<group>"; };
		A90320DB1D16F28300E65D0B /* Info.plist */ = {isa = PBXFileReference; lastKnownFileType = text.plist.xml; path = Info.plist; sourceTree = "<group>"; };
		A90320E71D16F2C600E65D0B /* GoogleService-Info.plist */ = {isa = PBXFileReference; fileEncoding = 4; lastKnownFileType = text.plist.xml; path = "GoogleService-Info.plist"; sourceTree = "<group>"; };
		A90320EB1D16F48800E65D0B /* LoginViewController.swift */ = {isa = PBXFileReference; fileEncoding = 4; lastKnownFileType = sourcecode.swift; path = LoginViewController.swift; sourceTree = "<group>"; };
		A90320EC1D16F48800E65D0B /* RegisterViewController.swift */ = {isa = PBXFileReference; fileEncoding = 4; lastKnownFileType = sourcecode.swift; path = RegisterViewController.swift; sourceTree = "<group>"; };
		A90320ED1D16F48800E65D0B /* RequestsViewController.swift */ = {isa = PBXFileReference; fileEncoding = 4; lastKnownFileType = sourcecode.swift; path = RequestsViewController.swift; sourceTree = "<group>"; };
		D8086AB0B792F38088B162B1 /* Pods_LanguageOM_StudentTests.framework */ = {isa = PBXFileReference; explicitFileType = wrapper.framework; includeInIndex = 0; path = Pods_LanguageOM_StudentTests.framework; sourceTree = BUILT_PRODUCTS_DIR; };
/* End PBXFileReference section */

/* Begin PBXFrameworksBuildPhase section */
		A90320B31D16F28300E65D0B /* Frameworks */ = {
			isa = PBXFrameworksBuildPhase;
			buildActionMask = 2147483647;
			files = (
				DCB3CE8CB17BDFB1E07687BA /* Pods_LanguageOM_Student.framework in Frameworks */,
			);
			runOnlyForDeploymentPostprocessing = 0;
		};
		A90320C71D16F28300E65D0B /* Frameworks */ = {
			isa = PBXFrameworksBuildPhase;
			buildActionMask = 2147483647;
			files = (
				6DDAB1DA1A61A9A885FF0156 /* Pods_LanguageOM_StudentTests.framework in Frameworks */,
			);
			runOnlyForDeploymentPostprocessing = 0;
		};
		A90320D21D16F28300E65D0B /* Frameworks */ = {
			isa = PBXFrameworksBuildPhase;
			buildActionMask = 2147483647;
			files = (
				6827EAA098268EF7A03D2DE4 /* Pods_LanguageOM_StudentUITests.framework in Frameworks */,
			);
			runOnlyForDeploymentPostprocessing = 0;
		};
/* End PBXFrameworksBuildPhase section */

/* Begin PBXGroup section */
		64BD20E786AA14632F44332D /* Frameworks */ = {
			isa = PBXGroup;
			children = (
				961087FCD57B40CAF4623A30 /* Pods_LanguageOM_Student.framework */,
				D8086AB0B792F38088B162B1 /* Pods_LanguageOM_StudentTests.framework */,
				3D07EF7DCA4ED95074154420 /* Pods_LanguageOM_StudentUITests.framework */,
			);
			name = Frameworks;
			sourceTree = "<group>";
		};
		85E16A167AEA89F59B61C13F /* Pods */ = {
			isa = PBXGroup;
			children = (
				053F55C882F4A96C36CDE048 /* Pods-LanguageOM Student.debug.xcconfig */,
				1E63A1A158A275B59E6C3B15 /* Pods-LanguageOM Student.release.xcconfig */,
				1ED4EEA28538B3777761DD85 /* Pods-LanguageOM StudentTests.debug.xcconfig */,
				077BA9BBCD279B7A2ABE434B /* Pods-LanguageOM StudentTests.release.xcconfig */,
				2B6BA639617A85A6040321D6 /* Pods-LanguageOM StudentUITests.debug.xcconfig */,
				3865F244302F0807EAB26D5D /* Pods-LanguageOM StudentUITests.release.xcconfig */,
			);
			name = Pods;
			sourceTree = "<group>";
		};
		A90320AD1D16F28300E65D0B = {
			isa = PBXGroup;
			children = (
				A90320B81D16F28300E65D0B /* LanguageOM Student */,
				A90320CD1D16F28300E65D0B /* LanguageOM StudentTests */,
				A90320D81D16F28300E65D0B /* LanguageOM StudentUITests */,
				A90320B71D16F28300E65D0B /* Products */,
				85E16A167AEA89F59B61C13F /* Pods */,
				64BD20E786AA14632F44332D /* Frameworks */,
			);
			sourceTree = "<group>";
		};
		A90320B71D16F28300E65D0B /* Products */ = {
			isa = PBXGroup;
			children = (
				A90320B61D16F28300E65D0B /* LanguageOM Student.app */,
				A90320CA1D16F28300E65D0B /* LanguageOM StudentTests.xctest */,
				A90320D51D16F28300E65D0B /* LanguageOM StudentUITests.xctest */,
			);
			name = Products;
			sourceTree = "<group>";
		};
		A90320B81D16F28300E65D0B /* LanguageOM Student */ = {
			isa = PBXGroup;
			children = (
				A90320E91D16F46E00E65D0B /* ViewControllers */,
				A90320B91D16F28300E65D0B /* AppDelegate.swift */,
				A90320BD1D16F28300E65D0B /* Main.storyboard */,
				A90320C01D16F28300E65D0B /* Assets.xcassets */,
				A90320C21D16F28300E65D0B /* LaunchScreen.storyboard */,
				A90320C51D16F28300E65D0B /* Info.plist */,
				A90320E71D16F2C600E65D0B /* GoogleService-Info.plist */,
			);
			path = "LanguageOM Student";
			sourceTree = "<group>";
		};
		A90320CD1D16F28300E65D0B /* LanguageOM StudentTests */ = {
			isa = PBXGroup;
			children = (
				A90320CE1D16F28300E65D0B /* LanguageOM_StudentTests.swift */,
				A90320D01D16F28300E65D0B /* Info.plist */,
			);
			path = "LanguageOM StudentTests";
			sourceTree = "<group>";
		};
		A90320D81D16F28300E65D0B /* LanguageOM StudentUITests */ = {
			isa = PBXGroup;
			children = (
				A90320D91D16F28300E65D0B /* LanguageOM_StudentUITests.swift */,
				A90320DB1D16F28300E65D0B /* Info.plist */,
			);
			path = "LanguageOM StudentUITests";
			sourceTree = "<group>";
		};
		A90320E91D16F46E00E65D0B /* ViewControllers */ = {
			isa = PBXGroup;
			children = (
				A90320BB1D16F28300E65D0B /* ViewController.swift */,
				A90320EB1D16F48800E65D0B /* LoginViewController.swift */,
				A90320EC1D16F48800E65D0B /* RegisterViewController.swift */,
				A90320ED1D16F48800E65D0B /* RequestsViewController.swift */,
			);
			name = ViewControllers;
			sourceTree = "<group>";
		};
/* End PBXGroup section */

/* Begin PBXNativeTarget section */
		A90320B51D16F28300E65D0B /* LanguageOM Student */ = {
			isa = PBXNativeTarget;
			buildConfigurationList = A90320DE1D16F28300E65D0B /* Build configuration list for PBXNativeTarget "LanguageOM Student" */;
			buildPhases = (
				98785413817BDD96E7D57F7F /* [CP] Check Pods Manifest.lock */,
				A90320B21D16F28300E65D0B /* Sources */,
				A90320B31D16F28300E65D0B /* Frameworks */,
				A90320B41D16F28300E65D0B /* Resources */,
				36C451E003E7721BE164E9E7 /* [CP] Embed Pods Frameworks */,
				AB64F5FB4BF470105D1C7FC4 /* [CP] Copy Pods Resources */,
			);
			buildRules = (
			);
			dependencies = (
			);
			name = "LanguageOM Student";
			productName = "LanguageOM Student";
			productReference = A90320B61D16F28300E65D0B /* LanguageOM Student.app */;
			productType = "com.apple.product-type.application";
		};
		A90320C91D16F28300E65D0B /* LanguageOM StudentTests */ = {
			isa = PBXNativeTarget;
			buildConfigurationList = A90320E11D16F28300E65D0B /* Build configuration list for PBXNativeTarget "LanguageOM StudentTests" */;
			buildPhases = (
				A0C0271F0018B443FE6272F6 /* [CP] Check Pods Manifest.lock */,
				A90320C61D16F28300E65D0B /* Sources */,
				A90320C71D16F28300E65D0B /* Frameworks */,
				A90320C81D16F28300E65D0B /* Resources */,
				A509AD764884151DBFD3FB7B /* [CP] Embed Pods Frameworks */,
				310989CAB6ACC1FDD3F92EFC /* [CP] Copy Pods Resources */,
			);
			buildRules = (
			);
			dependencies = (
				A90320CC1D16F28300E65D0B /* PBXTargetDependency */,
			);
			name = "LanguageOM StudentTests";
			productName = "LanguageOM StudentTests";
			productReference = A90320CA1D16F28300E65D0B /* LanguageOM StudentTests.xctest */;
			productType = "com.apple.product-type.bundle.unit-test";
		};
		A90320D41D16F28300E65D0B /* LanguageOM StudentUITests */ = {
			isa = PBXNativeTarget;
			buildConfigurationList = A90320E41D16F28300E65D0B /* Build configuration list for PBXNativeTarget "LanguageOM StudentUITests" */;
			buildPhases = (
				89166DA64712C64C78FF879A /* [CP] Check Pods Manifest.lock */,
				A90320D11D16F28300E65D0B /* Sources */,
				A90320D21D16F28300E65D0B /* Frameworks */,
				A90320D31D16F28300E65D0B /* Resources */,
				E022601F6D9DF4F35F88549B /* [CP] Copy Pods Resources */,
			);
			buildRules = (
			);
			dependencies = (
				A90320D71D16F28300E65D0B /* PBXTargetDependency */,
			);
			name = "LanguageOM StudentUITests";
			productName = "LanguageOM StudentUITests";
			productReference = A90320D51D16F28300E65D0B /* LanguageOM StudentUITests.xctest */;
			productType = "com.apple.product-type.bundle.ui-testing";
		};
/* End PBXNativeTarget section */

/* Begin PBXProject section */
		A90320AE1D16F28300E65D0B /* Project object */ = {
			isa = PBXProject;
			attributes = {
				LastSwiftUpdateCheck = 0720;
				LastUpgradeCheck = 0720;
				ORGANIZATIONNAME = Valentino;
				TargetAttributes = {
					A90320B51D16F28300E65D0B = {
						CreatedOnToolsVersion = 7.2;
						DevelopmentTeam = 3M4QJ8P9BX;
					};
					A90320C91D16F28300E65D0B = {
						CreatedOnToolsVersion = 7.2;
						DevelopmentTeam = 3M4QJ8P9BX;
						TestTargetID = A90320B51D16F28300E65D0B;
					};
					A90320D41D16F28300E65D0B = {
						CreatedOnToolsVersion = 7.2;
						DevelopmentTeam = 3M4QJ8P9BX;
						TestTargetID = A90320B51D16F28300E65D0B;
					};
				};
			};
			buildConfigurationList = A90320B11D16F28300E65D0B /* Build configuration list for PBXProject "LanguageOM Student" */;
			compatibilityVersion = "Xcode 3.2";
			developmentRegion = English;
			hasScannedForEncodings = 0;
			knownRegions = (
				en,
				Base,
			);
			mainGroup = A90320AD1D16F28300E65D0B;
			productRefGroup = A90320B71D16F28300E65D0B /* Products */;
			projectDirPath = "";
			projectRoot = "";
			targets = (
				A90320B51D16F28300E65D0B /* LanguageOM Student */,
				A90320C91D16F28300E65D0B /* LanguageOM StudentTests */,
				A90320D41D16F28300E65D0B /* LanguageOM StudentUITests */,
			);
		};
/* End PBXProject section */

/* Begin PBXResourcesBuildPhase section */
		A90320B41D16F28300E65D0B /* Resources */ = {
			isa = PBXResourcesBuildPhase;
			buildActionMask = 2147483647;
			files = (
				A90320C41D16F28300E65D0B /* LaunchScreen.storyboard in Resources */,
				A90320E81D16F2C600E65D0B /* GoogleService-Info.plist in Resources */,
				A90320C11D16F28300E65D0B /* Assets.xcassets in Resources */,
				A90320BF1D16F28300E65D0B /* Main.storyboard in Resources */,
			);
			runOnlyForDeploymentPostprocessing = 0;
		};
		A90320C81D16F28300E65D0B /* Resources */ = {
			isa = PBXResourcesBuildPhase;
			buildActionMask = 2147483647;
			files = (
			);
			runOnlyForDeploymentPostprocessing = 0;
		};
		A90320D31D16F28300E65D0B /* Resources */ = {
			isa = PBXResourcesBuildPhase;
			buildActionMask = 2147483647;
			files = (
			);
			runOnlyForDeploymentPostprocessing = 0;
		};
/* End PBXResourcesBuildPhase section */

/* Begin PBXShellScriptBuildPhase section */
		310989CAB6ACC1FDD3F92EFC /* [CP] Copy Pods Resources */ = {
			isa = PBXShellScriptBuildPhase;
			buildActionMask = 2147483647;
			files = (
			);
			inputPaths = (
			);
			name = "[CP] Copy Pods Resources";
			outputPaths = (
			);
			runOnlyForDeploymentPostprocessing = 0;
			shellPath = /bin/sh;
			shellScript = "\"${SRCROOT}/Pods/Target Support Files/Pods-LanguageOM StudentTests/Pods-LanguageOM StudentTests-resources.sh\"\n";
			showEnvVarsInLog = 0;
		};
		36C451E003E7721BE164E9E7 /* [CP] Embed Pods Frameworks */ = {
			isa = PBXShellScriptBuildPhase;
			buildActionMask = 2147483647;
			files = (
			);
			inputPaths = (
			);
			name = "[CP] Embed Pods Frameworks";
			outputPaths = (
			);
			runOnlyForDeploymentPostprocessing = 0;
			shellPath = /bin/sh;
			shellScript = "\"${SRCROOT}/Pods/Target Support Files/Pods-LanguageOM Student/Pods-LanguageOM Student-frameworks.sh\"\n";
			showEnvVarsInLog = 0;
		};
		89166DA64712C64C78FF879A /* [CP] Check Pods Manifest.lock */ = {
			isa = PBXShellScriptBuildPhase;
			buildActionMask = 2147483647;
			files = (
			);
			inputPaths = (
			);
			name = "[CP] Check Pods Manifest.lock";
			outputPaths = (
			);
			runOnlyForDeploymentPostprocessing = 0;
			shellPath = /bin/sh;
			shellScript = "diff \"${PODS_ROOT}/../Podfile.lock\" \"${PODS_ROOT}/Manifest.lock\" > /dev/null\nif [[ $? != 0 ]] ; then\n    cat << EOM\nerror: The sandbox is not in sync with the Podfile.lock. Run 'pod install' or update your CocoaPods installation.\nEOM\n    exit 1\nfi\n";
			showEnvVarsInLog = 0;
		};
		98785413817BDD96E7D57F7F /* [CP] Check Pods Manifest.lock */ = {
			isa = PBXShellScriptBuildPhase;
			buildActionMask = 2147483647;
			files = (
			);
			inputPaths = (
			);
			name = "[CP] Check Pods Manifest.lock";
			outputPaths = (
			);
			runOnlyForDeploymentPostprocessing = 0;
			shellPath = /bin/sh;
			shellScript = "diff \"${PODS_ROOT}/../Podfile.lock\" \"${PODS_ROOT}/Manifest.lock\" > /dev/null\nif [[ $? != 0 ]] ; then\n    cat << EOM\nerror: The sandbox is not in sync with the Podfile.lock. Run 'pod install' or update your CocoaPods installation.\nEOM\n    exit 1\nfi\n";
			showEnvVarsInLog = 0;
		};
		A0C0271F0018B443FE6272F6 /* [CP] Check Pods Manifest.lock */ = {
			isa = PBXShellScriptBuildPhase;
			buildActionMask = 2147483647;
			files = (
			);
			inputPaths = (
			);
			name = "[CP] Check Pods Manifest.lock";
			outputPaths = (
			);
			runOnlyForDeploymentPostprocessing = 0;
			shellPath = /bin/sh;
			shellScript = "diff \"${PODS_ROOT}/../Podfile.lock\" \"${PODS_ROOT}/Manifest.lock\" > /dev/null\nif [[ $? != 0 ]] ; then\n    cat << EOM\nerror: The sandbox is not in sync with the Podfile.lock. Run 'pod install' or update your CocoaPods installation.\nEOM\n    exit 1\nfi\n";
			showEnvVarsInLog = 0;
		};
		A509AD764884151DBFD3FB7B /* [CP] Embed Pods Frameworks */ = {
			isa = PBXShellScriptBuildPhase;
			buildActionMask = 2147483647;
			files = (
			);
			inputPaths = (
			);
			name = "[CP] Embed Pods Frameworks";
			outputPaths = (
			);
			runOnlyForDeploymentPostprocessing = 0;
			shellPath = /bin/sh;
			shellScript = "\"${SRCROOT}/Pods/Target Support Files/Pods-LanguageOM StudentTests/Pods-LanguageOM StudentTests-frameworks.sh\"\n";
			showEnvVarsInLog = 0;
		};
		AB64F5FB4BF470105D1C7FC4 /* [CP] Copy Pods Resources */ = {
			isa = PBXShellScriptBuildPhase;
			buildActionMask = 2147483647;
			files = (
			);
			inputPaths = (
			);
			name = "[CP] Copy Pods Resources";
			outputPaths = (
			);
			runOnlyForDeploymentPostprocessing = 0;
			shellPath = /bin/sh;
			shellScript = "\"${SRCROOT}/Pods/Target Support Files/Pods-LanguageOM Student/Pods-LanguageOM Student-resources.sh\"\n";
			showEnvVarsInLog = 0;
		};
		E022601F6D9DF4F35F88549B /* [CP] Copy Pods Resources */ = {
			isa = PBXShellScriptBuildPhase;
			buildActionMask = 2147483647;
			files = (
			);
			inputPaths = (
			);
			name = "[CP] Copy Pods Resources";
			outputPaths = (
			);
			runOnlyForDeploymentPostprocessing = 0;
			shellPath = /bin/sh;
			shellScript = "\"${SRCROOT}/Pods/Target Support Files/Pods-LanguageOM StudentUITests/Pods-LanguageOM StudentUITests-resources.sh\"\n";
			showEnvVarsInLog = 0;
		};
/* End PBXShellScriptBuildPhase section */

/* Begin PBXSourcesBuildPhase section */
		A90320B21D16F28300E65D0B /* Sources */ = {
			isa = PBXSourcesBuildPhase;
			buildActionMask = 2147483647;
			files = (
				A90320F01D16F48800E65D0B /* LoginViewController.swift in Sources */,
				A90320F11D16F48800E65D0B /* RegisterViewController.swift in Sources */,
				A90320BC1D16F28300E65D0B /* ViewController.swift in Sources */,
				A90320BA1D16F28300E65D0B /* AppDelegate.swift in Sources */,
				A90320F21D16F48800E65D0B /* RequestsViewController.swift in Sources */,
			);
			runOnlyForDeploymentPostprocessing = 0;
		};
		A90320C61D16F28300E65D0B /* Sources */ = {
			isa = PBXSourcesBuildPhase;
			buildActionMask = 2147483647;
			files = (
				A90320CF1D16F28300E65D0B /* LanguageOM_StudentTests.swift in Sources */,
			);
			runOnlyForDeploymentPostprocessing = 0;
		};
		A90320D11D16F28300E65D0B /* Sources */ = {
			isa = PBXSourcesBuildPhase;
			buildActionMask = 2147483647;
			files = (
				A90320DA1D16F28300E65D0B /* LanguageOM_StudentUITests.swift in Sources */,
			);
			runOnlyForDeploymentPostprocessing = 0;
		};
/* End PBXSourcesBuildPhase section */

/* Begin PBXTargetDependency section */
		A90320CC1D16F28300E65D0B /* PBXTargetDependency */ = {
			isa = PBXTargetDependency;
			target = A90320B51D16F28300E65D0B /* LanguageOM Student */;
			targetProxy = A90320CB1D16F28300E65D0B /* PBXContainerItemProxy */;
		};
		A90320D71D16F28300E65D0B /* PBXTargetDependency */ = {
			isa = PBXTargetDependency;
			target = A90320B51D16F28300E65D0B /* LanguageOM Student */;
			targetProxy = A90320D61D16F28300E65D0B /* PBXContainerItemProxy */;
		};
/* End PBXTargetDependency section */

/* Begin PBXVariantGroup section */
		A90320BD1D16F28300E65D0B /* Main.storyboard */ = {
			isa = PBXVariantGroup;
			children = (
				A90320BE1D16F28300E65D0B /* Base */,
			);
			name = Main.storyboard;
			sourceTree = "<group>";
		};
		A90320C21D16F28300E65D0B /* LaunchScreen.storyboard */ = {
			isa = PBXVariantGroup;
			children = (
				A90320C31D16F28300E65D0B /* Base */,
			);
			name = LaunchScreen.storyboard;
			sourceTree = "<group>";
		};
/* End PBXVariantGroup section */

/* Begin XCBuildConfiguration section */
		A90320DC1D16F28300E65D0B /* Debug */ = {
			isa = XCBuildConfiguration;
			buildSettings = {
				ALWAYS_SEARCH_USER_PATHS = NO;
				CLANG_CXX_LANGUAGE_STANDARD = "gnu++0x";
				CLANG_CXX_LIBRARY = "libc++";
				CLANG_ENABLE_MODULES = YES;
				CLANG_ENABLE_OBJC_ARC = YES;
				CLANG_WARN_BOOL_CONVERSION = YES;
				CLANG_WARN_CONSTANT_CONVERSION = YES;
				CLANG_WARN_DIRECT_OBJC_ISA_USAGE = YES_ERROR;
				CLANG_WARN_EMPTY_BODY = YES;
				CLANG_WARN_ENUM_CONVERSION = YES;
				CLANG_WARN_INT_CONVERSION = YES;
				CLANG_WARN_OBJC_ROOT_CLASS = YES_ERROR;
				CLANG_WARN_UNREACHABLE_CODE = YES;
				CLANG_WARN__DUPLICATE_METHOD_MATCH = YES;
				"CODE_SIGN_IDENTITY[sdk=iphoneos*]" = "iPhone Developer";
				COPY_PHASE_STRIP = NO;
				DEBUG_INFORMATION_FORMAT = dwarf;
				ENABLE_STRICT_OBJC_MSGSEND = YES;
				ENABLE_TESTABILITY = YES;
				GCC_C_LANGUAGE_STANDARD = gnu99;
				GCC_DYNAMIC_NO_PIC = NO;
				GCC_NO_COMMON_BLOCKS = YES;
				GCC_OPTIMIZATION_LEVEL = 0;
				GCC_PREPROCESSOR_DEFINITIONS = (
					"DEBUG=1",
					"$(inherited)",
				);
				GCC_WARN_64_TO_32_BIT_CONVERSION = YES;
				GCC_WARN_ABOUT_RETURN_TYPE = YES_ERROR;
				GCC_WARN_UNDECLARED_SELECTOR = YES;
				GCC_WARN_UNINITIALIZED_AUTOS = YES_AGGRESSIVE;
				GCC_WARN_UNUSED_FUNCTION = YES;
				GCC_WARN_UNUSED_VARIABLE = YES;
				IPHONEOS_DEPLOYMENT_TARGET = 9.2;
				MTL_ENABLE_DEBUG_INFO = YES;
				ONLY_ACTIVE_ARCH = YES;
				SDKROOT = iphoneos;
				SWIFT_OPTIMIZATION_LEVEL = "-Onone";
				TARGETED_DEVICE_FAMILY = "1,2";
			};
			name = Debug;
		};
		A90320DD1D16F28300E65D0B /* Release */ = {
			isa = XCBuildConfiguration;
			buildSettings = {
				ALWAYS_SEARCH_USER_PATHS = NO;
				CLANG_CXX_LANGUAGE_STANDARD = "gnu++0x";
				CLANG_CXX_LIBRARY = "libc++";
				CLANG_ENABLE_MODULES = YES;
				CLANG_ENABLE_OBJC_ARC = YES;
				CLANG_WARN_BOOL_CONVERSION = YES;
				CLANG_WARN_CONSTANT_CONVERSION = YES;
				CLANG_WARN_DIRECT_OBJC_ISA_USAGE = YES_ERROR;
				CLANG_WARN_EMPTY_BODY = YES;
				CLANG_WARN_ENUM_CONVERSION = YES;
				CLANG_WARN_INT_CONVERSION = YES;
				CLANG_WARN_OBJC_ROOT_CLASS = YES_ERROR;
				CLANG_WARN_UNREACHABLE_CODE = YES;
				CLANG_WARN__DUPLICATE_METHOD_MATCH = YES;
				"CODE_SIGN_IDENTITY[sdk=iphoneos*]" = "iPhone Developer";
				COPY_PHASE_STRIP = NO;
				DEBUG_INFORMATION_FORMAT = "dwarf-with-dsym";
				ENABLE_NS_ASSERTIONS = NO;
				ENABLE_STRICT_OBJC_MSGSEND = YES;
				GCC_C_LANGUAGE_STANDARD = gnu99;
				GCC_NO_COMMON_BLOCKS = YES;
				GCC_WARN_64_TO_32_BIT_CONVERSION = YES;
				GCC_WARN_ABOUT_RETURN_TYPE = YES_ERROR;
				GCC_WARN_UNDECLARED_SELECTOR = YES;
				GCC_WARN_UNINITIALIZED_AUTOS = YES_AGGRESSIVE;
				GCC_WARN_UNUSED_FUNCTION = YES;
				GCC_WARN_UNUSED_VARIABLE = YES;
				IPHONEOS_DEPLOYMENT_TARGET = 9.2;
				MTL_ENABLE_DEBUG_INFO = NO;
				SDKROOT = iphoneos;
				TARGETED_DEVICE_FAMILY = "1,2";
				VALIDATE_PRODUCT = YES;
			};
			name = Release;
		};
		A90320DF1D16F28300E65D0B /* Debug */ = {
			isa = XCBuildConfiguration;
			baseConfigurationReference = 053F55C882F4A96C36CDE048 /* Pods-LanguageOM Student.debug.xcconfig */;
			buildSettings = {
				ASSETCATALOG_COMPILER_APPICON_NAME = AppIcon;
				INFOPLIST_FILE = "LanguageOM Student/Info.plist";
				LD_RUNPATH_SEARCH_PATHS = "$(inherited) @executable_path/Frameworks";
				PRODUCT_BUNDLE_IDENTIFIER = "gmvalentino8.LanguageOM-Student";
				PRODUCT_NAME = "$(TARGET_NAME)";
			};
			name = Debug;
		};
		A90320E01D16F28300E65D0B /* Release */ = {
			isa = XCBuildConfiguration;
			baseConfigurationReference = 1E63A1A158A275B59E6C3B15 /* Pods-LanguageOM Student.release.xcconfig */;
			buildSettings = {
				ASSETCATALOG_COMPILER_APPICON_NAME = AppIcon;
				INFOPLIST_FILE = "LanguageOM Student/Info.plist";
				LD_RUNPATH_SEARCH_PATHS = "$(inherited) @executable_path/Frameworks";
				PRODUCT_BUNDLE_IDENTIFIER = "gmvalentino8.LanguageOM-Student";
				PRODUCT_NAME = "$(TARGET_NAME)";
			};
			name = Release;
		};
		A90320E21D16F28300E65D0B /* Debug */ = {
			isa = XCBuildConfiguration;
			baseConfigurationReference = 1ED4EEA28538B3777761DD85 /* Pods-LanguageOM StudentTests.debug.xcconfig */;
			buildSettings = {
				BUNDLE_LOADER = "$(TEST_HOST)";
				INFOPLIST_FILE = "LanguageOM StudentTests/Info.plist";
				LD_RUNPATH_SEARCH_PATHS = "$(inherited) @executable_path/Frameworks @loader_path/Frameworks";
				PRODUCT_BUNDLE_IDENTIFIER = "gmvalentino8.LanguageOM-StudentTests";
				PRODUCT_NAME = "$(TARGET_NAME)";
				TEST_HOST = "$(BUILT_PRODUCTS_DIR)/LanguageOM Student.app/LanguageOM Student";
			};
			name = Debug;
		};
		A90320E31D16F28300E65D0B /* Release */ = {
			isa = XCBuildConfiguration;
			baseConfigurationReference = 077BA9BBCD279B7A2ABE434B /* Pods-LanguageOM StudentTests.release.xcconfig */;
			buildSettings = {
				BUNDLE_LOADER = "$(TEST_HOST)";
				INFOPLIST_FILE = "LanguageOM StudentTests/Info.plist";
				LD_RUNPATH_SEARCH_PATHS = "$(inherited) @executable_path/Frameworks @loader_path/Frameworks";
				PRODUCT_BUNDLE_IDENTIFIER = "gmvalentino8.LanguageOM-StudentTests";
				PRODUCT_NAME = "$(TARGET_NAME)";
				TEST_HOST = "$(BUILT_PRODUCTS_DIR)/LanguageOM Student.app/LanguageOM Student";
			};
			name = Release;
		};
		A90320E51D16F28300E65D0B /* Debug */ = {
			isa = XCBuildConfiguration;
			baseConfigurationReference = 2B6BA639617A85A6040321D6 /* Pods-LanguageOM StudentUITests.debug.xcconfig */;
			buildSettings = {
				INFOPLIST_FILE = "LanguageOM StudentUITests/Info.plist";
				LD_RUNPATH_SEARCH_PATHS = "$(inherited) @executable_path/Frameworks @loader_path/Frameworks";
				PRODUCT_BUNDLE_IDENTIFIER = "gmvalentino8.LanguageOM-StudentUITests";
				PRODUCT_NAME = "$(TARGET_NAME)";
				TEST_TARGET_NAME = "LanguageOM Student";
				USES_XCTRUNNER = YES;
			};
			name = Debug;
		};
		A90320E61D16F28300E65D0B /* Release */ = {
			isa = XCBuildConfiguration;
			baseConfigurationReference = 3865F244302F0807EAB26D5D /* Pods-LanguageOM StudentUITests.release.xcconfig */;
			buildSettings = {
				INFOPLIST_FILE = "LanguageOM StudentUITests/Info.plist";
				LD_RUNPATH_SEARCH_PATHS = "$(inherited) @executable_path/Frameworks @loader_path/Frameworks";
				PRODUCT_BUNDLE_IDENTIFIER = "gmvalentino8.LanguageOM-StudentUITests";
				PRODUCT_NAME = "$(TARGET_NAME)";
				TEST_TARGET_NAME = "LanguageOM Student";
				USES_XCTRUNNER = YES;
			};
			name = Release;
		};
/* End XCBuildConfiguration section */

/* Begin XCConfigurationList section */
		A90320B11D16F28300E65D0B /* Build configuration list for PBXProject "LanguageOM Student" */ = {
			isa = XCConfigurationList;
			buildConfigurations = (
				A90320DC1D16F28300E65D0B /* Debug */,
				A90320DD1D16F28300E65D0B /* Release */,
			);
			defaultConfigurationIsVisible = 0;
			defaultConfigurationName = Release;
		};
		A90320DE1D16F28300E65D0B /* Build configuration list for PBXNativeTarget "LanguageOM Student" */ = {
			isa = XCConfigurationList;
			buildConfigurations = (
				A90320DF1D16F28300E65D0B /* Debug */,
				A90320E01D16F28300E65D0B /* Release */,
			);
			defaultConfigurationIsVisible = 0;
			defaultConfigurationName = Release;
		};
		A90320E11D16F28300E65D0B /* Build configuration list for PBXNativeTarget "LanguageOM StudentTests" */ = {
			isa = XCConfigurationList;
			buildConfigurations = (
				A90320E21D16F28300E65D0B /* Debug */,
				A90320E31D16F28300E65D0B /* Release */,
			);
			defaultConfigurationIsVisible = 0;
			defaultConfigurationName = Release;
		};
		A90320E41D16F28300E65D0B /* Build configuration list for PBXNativeTarget "LanguageOM StudentUITests" */ = {
			isa = XCConfigurationList;
			buildConfigurations = (
				A90320E51D16F28300E65D0B /* Debug */,
				A90320E61D16F28300E65D0B /* Release */,
			);
			defaultConfigurationIsVisible = 0;
			defaultConfigurationName = Release;
		};
/* End XCConfigurationList section */
	};
	rootObject = A90320AE1D16F28300E65D0B /* Project object */;
}
